// !$*UTF8*$!
{
	archiveVersion = 1;
	classes = {
	};
	objectVersion = 46;
	objects = {

/* Begin PBXBuildFile section */
		5320C5CC1A6BA149005615A5 /* AppDelegate.swift in Sources */ = {isa = PBXBuildFile; fileRef = 5320C5CB1A6BA149005615A5 /* AppDelegate.swift */; };
		5320C5CE1A6BA149005615A5 /* ViewController.swift in Sources */ = {isa = PBXBuildFile; fileRef = 5320C5CD1A6BA149005615A5 /* ViewController.swift */; };
		5320C5D11A6BA149005615A5 /* Main.storyboard in Resources */ = {isa = PBXBuildFile; fileRef = 5320C5CF1A6BA149005615A5 /* Main.storyboard */; };
		5320C5D31A6BA149005615A5 /* Images.xcassets in Resources */ = {isa = PBXBuildFile; fileRef = 5320C5D21A6BA149005615A5 /* Images.xcassets */; };
		5320C5D61A6BA149005615A5 /* LaunchScreen.xib in Resources */ = {isa = PBXBuildFile; fileRef = 5320C5D41A6BA149005615A5 /* LaunchScreen.xib */; };
		5320C5E21A6BA149005615A5 /* Keyboard_Usage_DemoTests.swift in Sources */ = {isa = PBXBuildFile; fileRef = 5320C5E11A6BA149005615A5 /* Keyboard_Usage_DemoTests.swift */; };
/* End PBXBuildFile section */

/* Begin PBXContainerItemProxy section */
		5320C5DC1A6BA149005615A5 /* PBXContainerItemProxy */ = {
			isa = PBXContainerItemProxy;
			containerPortal = 5320C5BE1A6BA149005615A5 /* Project object */;
			proxyType = 1;
			remoteGlobalIDString = 5320C5C51A6BA149005615A5;
			remoteInfo = "Keyboard Usage Demo";
		};
/* End PBXContainerItemProxy section */

/* Begin PBXFileReference section */
		5320C5C61A6BA149005615A5 /* Keyboard Usage Demo.app */ = {isa = PBXFileReference; explicitFileType = wrapper.application; includeInIndex = 0; path = "Keyboard Usage Demo.app"; sourceTree = BUILT_PRODUCTS_DIR; };
		5320C5CA1A6BA149005615A5 /* Info.plist */ = {isa = PBXFileReference; lastKnownFileType = text.plist.xml; path = Info.plist; sourceTree = "<group>"; };
		5320C5CB1A6BA149005615A5 /* AppDelegate.swift */ = {isa = PBXFileReference; lastKnownFileType = sourcecode.swift; path = AppDelegate.swift; sourceTree = "<group>"; };
		5320C5CD1A6BA149005615A5 /* ViewController.swift */ = {isa = PBXFileReference; lastKnownFileType = sourcecode.swift; path = ViewController.swift; sourceTree = "<group>"; };
		5320C5D01A6BA149005615A5 /* Base */ = {isa = PBXFileReference; lastKnownFileType = file.storyboard; name = Base; path = Base.lproj/Main.storyboard; sourceTree = "<group>"; };
		5320C5D21A6BA149005615A5 /* Images.xcassets */ = {isa = PBXFileReference; lastKnownFileType = folder.assetcatalog; path = Images.xcassets; sourceTree = "<group>"; };
		5320C5D51A6BA149005615A5 /* Base */ = {isa = PBXFileReference; lastKnownFileType = file.xib; name = Base; path = Base.lproj/LaunchScreen.xib; sourceTree = "<group>"; };
		5320C5DB1A6BA149005615A5 /* Keyboard Usage DemoTests.xctest */ = {isa = PBXFileReference; explicitFileType = wrapper.cfbundle; includeInIndex = 0; path = "Keyboard Usage DemoTests.xctest"; sourceTree = BUILT_PRODUCTS_DIR; };
		5320C5E01A6BA149005615A5 /* Info.plist */ = {isa = PBXFileReference; lastKnownFileType = text.plist.xml; path = Info.plist; sourceTree = "<group>"; };
		5320C5E11A6BA149005615A5 /* Keyboard_Usage_DemoTests.swift */ = {isa = PBXFileReference; lastKnownFileType = sourcecode.swift; path = Keyboard_Usage_DemoTests.swift; sourceTree = "<group>"; };
/* End PBXFileReference section */

/* Begin PBXFrameworksBuildPhase section */
		5320C5C31A6BA149005615A5 /* Frameworks */ = {
			isa = PBXFrameworksBuildPhase;
			buildActionMask = 2147483647;
			files = (
			);
			runOnlyForDeploymentPostprocessing = 0;
		};
		5320C5D81A6BA149005615A5 /* Frameworks */ = {
			isa = PBXFrameworksBuildPhase;
			buildActionMask = 2147483647;
			files = (
			);
			runOnlyForDeploymentPostprocessing = 0;
		};
/* End PBXFrameworksBuildPhase section */

/* Begin PBXGroup section */
		5320C5BD1A6BA149005615A5 = {
			isa = PBXGroup;
			children = (
				5320C5C81A6BA149005615A5 /* Keyboard Usage Demo */,
				5320C5DE1A6BA149005615A5 /* Keyboard Usage DemoTests */,
				5320C5C71A6BA149005615A5 /* Products */,
			);
			sourceTree = "<group>";
		};
		5320C5C71A6BA149005615A5 /* Products */ = {
			isa = PBXGroup;
			children = (
				5320C5C61A6BA149005615A5 /* Keyboard Usage Demo.app */,
				5320C5DB1A6BA149005615A5 /* Keyboard Usage DemoTests.xctest */,
			);
			name = Products;
			sourceTree = "<group>";
		};
		5320C5C81A6BA149005615A5 /* Keyboard Usage Demo */ = {
			isa = PBXGroup;
			children = (
				5320C5CB1A6BA149005615A5 /* AppDelegate.swift */,
				5320C5CD1A6BA149005615A5 /* ViewController.swift */,
				5320C5CF1A6BA149005615A5 /* Main.storyboard */,
				5320C5D21A6BA149005615A5 /* Images.xcassets */,
				5320C5D41A6BA149005615A5 /* LaunchScreen.xib */,
				5320C5C91A6BA149005615A5 /* Supporting Files */,
			);
			path = "Keyboard Usage Demo";
			sourceTree = "<group>";
		};
		5320C5C91A6BA149005615A5 /* Supporting Files */ = {
			isa = PBXGroup;
			children = (
				5320C5CA1A6BA149005615A5 /* Info.plist */,
			);
			name = "Supporting Files";
			sourceTree = "<group>";
		};
		5320C5DE1A6BA149005615A5 /* Keyboard Usage DemoTests */ = {
			isa = PBXGroup;
			children = (
				5320C5E11A6BA149005615A5 /* Keyboard_Usage_DemoTests.swift */,
				5320C5DF1A6BA149005615A5 /* Supporting Files */,
			);
			path = "Keyboard Usage DemoTests";
			sourceTree = "<group>";
		};
		5320C5DF1A6BA149005615A5 /* Supporting Files */ = {
			isa = PBXGroup;
			children = (
				5320C5E01A6BA149005615A5 /* Info.plist */,
			);
			name = "Supporting Files";
			sourceTree = "<group>";
		};
/* End PBXGroup section */

/* Begin PBXNativeTarget section */
		5320C5C51A6BA149005615A5 /* Keyboard Usage Demo */ = {
			isa = PBXNativeTarget;
			buildConfigurationList = 5320C5E51A6BA149005615A5 /* Build configuration list for PBXNativeTarget "Keyboard Usage Demo" */;
			buildPhases = (
				5320C5C21A6BA149005615A5 /* Sources */,
				5320C5C31A6BA149005615A5 /* Frameworks */,
				5320C5C41A6BA149005615A5 /* Resources */,
			);
			buildRules = (
			);
			dependencies = (
			);
			name = "Keyboard Usage Demo";
			productName = "Keyboard Usage Demo";
			productReference = 5320C5C61A6BA149005615A5 /* Keyboard Usage Demo.app */;
			productType = "com.apple.product-type.application";
		};
		5320C5DA1A6BA149005615A5 /* Keyboard Usage DemoTests */ = {
			isa = PBXNativeTarget;
			buildConfigurationList = 5320C5E81A6BA149005615A5 /* Build configuration list for PBXNativeTarget "Keyboard Usage DemoTests" */;
			buildPhases = (
				5320C5D71A6BA149005615A5 /* Sources */,
				5320C5D81A6BA149005615A5 /* Frameworks */,
				5320C5D91A6BA149005615A5 /* Resources */,
			);
			buildRules = (
			);
			dependencies = (
				5320C5DD1A6BA149005615A5 /* PBXTargetDependency */,
			);
			name = "Keyboard Usage DemoTests";
			productName = "Keyboard Usage DemoTests";
			productReference = 5320C5DB1A6BA149005615A5 /* Keyboard Usage DemoTests.xctest */;
			productType = "com.apple.product-type.bundle.unit-test";
		};
/* End PBXNativeTarget section */

/* Begin PBXProject section */
		5320C5BE1A6BA149005615A5 /* Project object */ = {
			isa = PBXProject;
			attributes = {
				LastUpgradeCheck = 0610;
				ORGANIZATIONNAME = Gazelle;
				TargetAttributes = {
					5320C5C51A6BA149005615A5 = {
						CreatedOnToolsVersion = 6.1.1;
					};
					5320C5DA1A6BA149005615A5 = {
						CreatedOnToolsVersion = 6.1.1;
						TestTargetID = 5320C5C51A6BA149005615A5;
					};
				};
			};
			buildConfigurationList = 5320C5C11A6BA149005615A5 /* Build configuration list for PBXProject "Keyboard Usage Demo" */;
			compatibilityVersion = "Xcode 3.2";
			developmentRegion = English;
			hasScannedForEncodings = 0;
			knownRegions = (
				en,
				Base,
			);
			mainGroup = 5320C5BD1A6BA149005615A5;
			productRefGroup = 5320C5C71A6BA149005615A5 /* Products */;
			projectDirPath = "";
			projectRoot = "";
			targets = (
				5320C5C51A6BA149005615A5 /* Keyboard Usage Demo */,
				5320C5DA1A6BA149005615A5 /* Keyboard Usage DemoTests */,
			);
		};
/* End PBXProject section */

/* Begin PBXResourcesBuildPhase section */
		5320C5C41A6BA149005615A5 /* Resources */ = {
			isa = PBXResourcesBuildPhase;
			buildActionMask = 2147483647;
			files = (
				5320C5D11A6BA149005615A5 /* Main.storyboard in Resources */,
				5320C5D61A6BA149005615A5 /* LaunchScreen.xib in Resources */,
				5320C5D31A6BA149005615A5 /* Images.xcassets in Resources */,
			);
			runOnlyForDeploymentPostprocessing = 0;
		};
		5320C5D91A6BA149005615A5 /* Resources */ = {
			isa = PBXResourcesBuildPhase;
			buildActionMask = 2147483647;
			files = (
			);
			runOnlyForDeploymentPostprocessing = 0;
		};
/* End PBXResourcesBuildPhase section */

/* Begin PBXSourcesBuildPhase section */
		5320C5C21A6BA149005615A5 /* Sources */ = {
			isa = PBXSourcesBuildPhase;
			buildActionMask = 2147483647;
			files = (
				5320C5CE1A6BA149005615A5 /* ViewController.swift in Sources */,
				5320C5CC1A6BA149005615A5 /* AppDelegate.swift in Sources */,
			);
			runOnlyForDeploymentPostprocessing = 0;
		};
		5320C5D71A6BA149005615A5 /* Sources */ = {
			isa = PBXSourcesBuildPhase;
			buildActionMask = 2147483647;
			files = (
				5320C5E21A6BA149005615A5 /* Keyboard_Usage_DemoTests.swift in Sources */,
			);
			runOnlyForDeploymentPostprocessing = 0;
		};
/* End PBXSourcesBuildPhase section */

/* Begin PBXTargetDependency section */
		5320C5DD1A6BA149005615A5 /* PBXTargetDependency */ = {
			isa = PBXTargetDependency;
			target = 5320C5C51A6BA149005615A5 /* Keyboard Usage Demo */;
			targetProxy = 5320C5DC1A6BA149005615A5 /* PBXContainerItemProxy */;
		};
/* End PBXTargetDependency section */

/* Begin PBXVariantGroup section */
		5320C5CF1A6BA149005615A5 /* Main.storyboard */ = {
			isa = PBXVariantGroup;
			children = (
				5320C5D01A6BA149005615A5 /* Base */,
			);
			name = Main.storyboard;
			sourceTree = "<group>";
		};
		5320C5D41A6BA149005615A5 /* LaunchScreen.xib */ = {
			isa = PBXVariantGroup;
			children = (
				5320C5D51A6BA149005615A5 /* Base */,
			);
			name = LaunchScreen.xib;
			sourceTree = "<group>";
		};
/* End PBXVariantGroup section */

/* Begin XCBuildConfiguration section */
		5320C5E31A6BA149005615A5 /* Debug */ = {
			isa = XCBuildConfiguration;
			buildSettings = {
				ALWAYS_SEARCH_USER_PATHS = NO;
				CLANG_CXX_LANGUAGE_STANDARD = "gnu++0x";
				CLANG_CXX_LIBRARY = "libc++";
				CLANG_ENABLE_MODULES = YES;
				CLANG_ENABLE_OBJC_ARC = YES;
				CLANG_WARN_BOOL_CONVERSION = YES;
				CLANG_WARN_CONSTANT_CONVERSION = YES;
				CLANG_WARN_DIRECT_OBJC_ISA_USAGE = YES_ERROR;
				CLANG_WARN_EMPTY_BODY = YES;
				CLANG_WARN_ENUM_CONVERSION = YES;
				CLANG_WARN_INT_CONVERSION = YES;
				CLANG_WARN_OBJC_ROOT_CLASS = YES_ERROR;
				CLANG_WARN_UNREACHABLE_CODE = YES;
				CLANG_WARN__DUPLICATE_METHOD_MATCH = YES;
				"CODE_SIGN_IDENTITY[sdk=iphoneos*]" = "iPhone Developer";
				COPY_PHASE_STRIP = NO;
				ENABLE_STRICT_OBJC_MSGSEND = YES;
				GCC_C_LANGUAGE_STANDARD = gnu99;
				GCC_DYNAMIC_NO_PIC = NO;
				GCC_OPTIMIZATION_LEVEL = 0;
				GCC_PREPROCESSOR_DEFINITIONS = (
					"DEBUG=1",
					"$(inherited)",
				);
				GCC_SYMBOLS_PRIVATE_EXTERN = NO;
				GCC_WARN_64_TO_32_BIT_CONVERSION = YES;
				GCC_WARN_ABOUT_RETURN_TYPE = YES_ERROR;
				GCC_WARN_UNDECLARED_SELECTOR = YES;
				GCC_WARN_UNINITIALIZED_AUTOS = YES_AGGRESSIVE;
				GCC_WARN_UNUSED_FUNCTION = YES;
				GCC_WARN_UNUSED_VARIABLE = YES;
				IPHONEOS_DEPLOYMENT_TARGET = 8.1;
				MTL_ENABLE_DEBUG_INFO = YES;
				ONLY_ACTIVE_ARCH = YES;
				SDKROOT = iphoneos;
				SWIFT_OPTIMIZATION_LEVEL = "-Onone";
			};
			name = Debug;
		};
		5320C5E41A6BA149005615A5 /* Release */ = {
			isa = XCBuildConfiguration;
			buildSettings = {
				ALWAYS_SEARCH_USER_PATHS = NO;
				CLANG_CXX_LANGUAGE_STANDARD = "gnu++0x";
				CLANG_CXX_LIBRARY = "libc++";
				CLANG_ENABLE_MODULES = YES;
				CLANG_ENABLE_OBJC_ARC = YES;
				CLANG_WARN_BOOL_CONVERSION = YES;
				CLANG_WARN_CONSTANT_CONVERSION = YES;
				CLANG_WARN_DIRECT_OBJC_ISA_USAGE = YES_ERROR;
				CLANG_WARN_EMPTY_BODY = YES;
				CLANG_WARN_ENUM_CONVERSION = YES;
				CLANG_WARN_INT_CONVERSION = YES;
				CLANG_WARN_OBJC_ROOT_CLASS = YES_ERROR;
				CLANG_WARN_UNREACHABLE_CODE = YES;
				CLANG_WARN__DUPLICATE_METHOD_MATCH = YES;
				"CODE_SIGN_IDENTITY[sdk=iphoneos*]" = "iPhone Developer";
				COPY_PHASE_STRIP = YES;
				ENABLE_NS_ASSERTIONS = NO;
				ENABLE_STRICT_OBJC_MSGSEND = YES;
				GCC_C_LANGUAGE_STANDARD = gnu99;
				GCC_WARN_64_TO_32_BIT_CONVERSION = YES;
				GCC_WARN_ABOUT_RETURN_TYPE = YES_ERROR;
				GCC_WARN_UNDECLARED_SELECTOR = YES;
				GCC_WARN_UNINITIALIZED_AUTOS = YES_AGGRESSIVE;
				GCC_WARN_UNUSED_FUNCTION = YES;
				GCC_WARN_UNUSED_VARIABLE = YES;
				IPHONEOS_DEPLOYMENT_TARGET = 8.1;
				MTL_ENABLE_DEBUG_INFO = NO;
				SDKROOT = iphoneos;
				VALIDATE_PRODUCT = YES;
			};
			name = Release;
		};
		5320C5E61A6BA149005615A5 /* Debug */ = {
			isa = XCBuildConfiguration;
			buildSettings = {
				ASSETCATALOG_COMPILER_APPICON_NAME = AppIcon;
				INFOPLIST_FILE = "Keyboard Usage Demo/Info.plist";
				LD_RUNPATH_SEARCH_PATHS = "$(inherited) @executable_path/Frameworks";
				PRODUCT_NAME = "$(TARGET_NAME)";
			};
			name = Debug;
		};
		5320C5E71A6BA149005615A5 /* Release */ = {
			isa = XCBuildConfiguration;
			buildSettings = {
				ASSETCATALOG_COMPILER_APPICON_NAME = AppIcon;
				INFOPLIST_FILE = "Keyboard Usage Demo/Info.plist";
				LD_RUNPATH_SEARCH_PATHS = "$(inherited) @executable_path/Frameworks";
				PRODUCT_NAME = "$(TARGET_NAME)";
			};
			name = Release;
		};
		5320C5E91A6BA149005615A5 /* Debug */ = {
			isa = XCBuildConfiguration;
			buildSettings = {
				BUNDLE_LOADER = "$(TEST_HOST)";
				FRAMEWORK_SEARCH_PATHS = (
					"$(SDKROOT)/Developer/Library/Frameworks",
					"$(inherited)",
				);
				GCC_PREPROCESSOR_DEFINITIONS = (
					"DEBUG=1",
					"$(inherited)",
				);
				INFOPLIST_FILE = "Keyboard Usage DemoTests/Info.plist";
				LD_RUNPATH_SEARCH_PATHS = "$(inherited) @executable_path/Frameworks @loader_path/Frameworks";
				PRODUCT_NAME = "$(TARGET_NAME)";
				TEST_HOST = "$(BUILT_PRODUCTS_DIR)/Keyboard Usage Demo.app/Keyboard Usage Demo";
			};
			name = Debug;
		};
		5320C5EA1A6BA149005615A5 /* Release */ = {
			isa = XCBuildConfiguration;
			buildSettings = {
				BUNDLE_LOADER = "$(TEST_HOST)";
				FRAMEWORK_SEARCH_PATHS = (
					"$(SDKROOT)/Developer/Library/Frameworks",
					"$(inherited)",
				);
				INFOPLIST_FILE = "Keyboard Usage DemoTests/Info.plist";
				LD_RUNPATH_SEARCH_PATHS = "$(inherited) @executable_path/Frameworks @loader_path/Frameworks";
				PRODUCT_NAME = "$(TARGET_NAME)";
				TEST_HOST = "$(BUILT_PRODUCTS_DIR)/Keyboard Usage Demo.app/Keyboard Usage Demo";
			};
			name = Release;
		};
/* End XCBuildConfiguration section */

/* Begin XCConfigurationList section */
		5320C5C11A6BA149005615A5 /* Build configuration list for PBXProject "Keyboard Usage Demo" */ = {
			isa = XCConfigurationList;
			buildConfigurations = (
				5320C5E31A6BA149005615A5 /* Debug */,
				5320C5E41A6BA149005615A5 /* Release */,
			);
			defaultConfigurationIsVisible = 0;
			defaultConfigurationName = Release;
		};
		5320C5E51A6BA149005615A5 /* Build configuration list for PBXNativeTarget "Keyboard Usage Demo" */ = {
			isa = XCConfigurationList;
			buildConfigurations = (
				5320C5E61A6BA149005615A5 /* Debug */,
				5320C5E71A6BA149005615A5 /* Release */,
			);
			defaultConfigurationIsVisible = 0;
		};
		5320C5E81A6BA149005615A5 /* Build configuration list for PBXNativeTarget "Keyboard Usage DemoTests" */ = {
			isa = XCConfigurationList;
			buildConfigurations = (
				5320C5E91A6BA149005615A5 /* Debug */,
				5320C5EA1A6BA149005615A5 /* Release */,
			);
			defaultConfigurationIsVisible = 0;
		};
/* End XCConfigurationList section */
	};
	rootObject = 5320C5BE1A6BA149005615A5 /* Project object */;
}
